
Microsoft Visual Studio Solution File, Format Version 12.00
# Visual Studio 2012
Project("{FAE04EC0-301F-11D3-BF4B-00C04F79EFBC}") = "SimpleGUI", "SimpleGui\SimpleGUI.csproj", "{5B1EC32B-DCAC-49B2-B614-5AC999BAE5E2}"
EndProject
Project("{2150E333-8FDC-42A3-9474-1A3956D46DE8}") = "Solution Items", "Solution Items", "{76353E15-F5E7-440D-9044-426C2D43BA20}"
	ProjectSection(SolutionItems) = preProject
		SimpleGUI.sln.vsspell = SimpleGUI.sln.vsspell
	EndProjectSection
EndProject
Project("{FAE04EC0-301F-11D3-BF4B-00C04F79EFBC}") = "SimpleGui.Demo", "SimpleGui.Demo\SimpleGui.Demo.csproj", "{0B79B64B-929F-45DA-A007-0584CE605F2A}"
EndProject
Project("{FAE04EC0-301F-11D3-BF4B-00C04F79EFBC}") = "SimpleGuiTemplate", "SimpleGuiTemplate\SimpleGuiTemplate.csproj", "{71A92733-CDE8-49BC-A21A-1153F08EF821}"
EndProject
Global
	GlobalSection(SolutionConfigurationPlatforms) = preSolution
		Debug|Any CPU = Debug|Any CPU
		Release|Any CPU = Release|Any CPU
	EndGlobalSection
	GlobalSection(ProjectConfigurationPlatforms) = postSolution
		{5B1EC32B-DCAC-49B2-B614-5AC999BAE5E2}.Debug|Any CPU.ActiveCfg = Debug|Any CPU
		{5B1EC32B-DCAC-49B2-B614-5AC999BAE5E2}.Debug|Any CPU.Build.0 = Debug|Any CPU
		{5B1EC32B-DCAC-49B2-B614-5AC999BAE5E2}.Release|Any CPU.ActiveCfg = Release|Any CPU
		{5B1EC32B-DCAC-49B2-B614-5AC999BAE5E2}.Release|Any CPU.Build.0 = Release|Any CPU
		{0B79B64B-929F-45DA-A007-0584CE605F2A}.Debug|Any CPU.ActiveCfg = Debug|Any CPU
		{0B79B64B-929F-45DA-A007-0584CE605F2A}.Debug|Any CPU.Build.0 = Debug|Any CPU
		{0B79B64B-929F-45DA-A007-0584CE605F2A}.Release|Any CPU.ActiveCfg = Release|Any CPU
		{0B79B64B-929F-45DA-A007-0584CE605F2A}.Release|Any CPU.Build.0 = Release|Any CPU
		{71A92733-CDE8-49BC-A21A-1153F08EF821}.Debug|Any CPU.ActiveCfg = Debug|Any CPU
		{71A92733-CDE8-49BC-A21A-1153F08EF821}.Debug|Any CPU.Build.0 = Debug|Any CPU
		{71A92733-CDE8-49BC-A21A-1153F08EF821}.Release|Any CPU.ActiveCfg = Release|Any CPU
		{71A92733-CDE8-49BC-A21A-1153F08EF821}.Release|Any CPU.Build.0 = Release|Any CPU
	EndGlobalSection
	GlobalSection(SolutionProperties) = preSolution
		HideSolutionNode = FALSE
	EndGlobalSection
EndGlobal
